
Microsoft Visual Studio Solution File, Format Version 12.00
# Visual Studio Version 16
VisualStudioVersion = 16.0.30503.244
MinimumVisualStudioVersion = 10.0.40219.1
Project("{FAE04EC0-301F-11D3-BF4B-00C04F79EFBC}") = "PhotoEditorWinF", "PhotoEditorWinF\PhotoEditorWinF.csproj", "{CED5E1C2-0607-41AA-9499-C8AD3BA87B84}"
EndProject
Global
	GlobalSection(SolutionConfigurationPlatforms) = preSolution
		Debug|Any CPU = Debug|Any CPU
		Release|Any CPU = Release|Any CPU
	EndGlobalSection
	GlobalSection(ProjectConfigurationPlatforms) = postSolution
		{CED5E1C2-0607-41AA-9499-C8AD3BA87B84}.Debug|Any CPU.ActiveCfg = Debug|Any CPU
		{CED5E1C2-0607-41AA-9499-C8AD3BA87B84}.Debug|Any CPU.Build.0 = Debug|Any CPU
		{CED5E1C2-0607-41AA-9499-C8AD3BA87B84}.Release|Any CPU.ActiveCfg = Release|Any CPU
		{CED5E1C2-0607-41AA-9499-C8AD3BA87B84}.Release|Any CPU.Build.0 = Release|Any CPU
	EndGlobalSection
	GlobalSection(SolutionProperties) = preSolution
		HideSolutionNode = FALSE
	EndGlobalSection
	GlobalSection(ExtensibilityGlobals) = postSolution
		SolutionGuid = {F1865FD3-9FB7-4F6E-86F3-68C2969A6354}
	EndGlobalSection
EndGlobal
