
Microsoft Visual Studio Solution File, Format Version 12.00
# Visual Studio Version 16
VisualStudioVersion = 16.0.30517.126
MinimumVisualStudioVersion = 10.0.40219.1
Project("{FAE04EC0-301F-11D3-BF4B-00C04F79EFBC}") = "PhotoEditorLIB", "PhotoEditorLIB\PhotoEditorLIB.csproj", "{669D111C-00BF-42EB-B840-5A83A4B6CE40}"
EndProject
Global
	GlobalSection(SolutionConfigurationPlatforms) = preSolution
		Debug|Any CPU = Debug|Any CPU
		Release|Any CPU = Release|Any CPU
	EndGlobalSection
	GlobalSection(ProjectConfigurationPlatforms) = postSolution
		{669D111C-00BF-42EB-B840-5A83A4B6CE40}.Debug|Any CPU.ActiveCfg = Debug|Any CPU
		{669D111C-00BF-42EB-B840-5A83A4B6CE40}.Debug|Any CPU.Build.0 = Debug|Any CPU
		{669D111C-00BF-42EB-B840-5A83A4B6CE40}.Release|Any CPU.ActiveCfg = Release|Any CPU
		{669D111C-00BF-42EB-B840-5A83A4B6CE40}.Release|Any CPU.Build.0 = Release|Any CPU
	EndGlobalSection
	GlobalSection(SolutionProperties) = preSolution
		HideSolutionNode = FALSE
	EndGlobalSection
	GlobalSection(ExtensibilityGlobals) = postSolution
		SolutionGuid = {0EC83D37-818C-4A2B-8E46-3E695A192A34}
	EndGlobalSection
EndGlobal
